// !$*UTF8*$!
{
	archiveVersion = 1;
	classes = {
	};
	objectVersion = 48;
	objects = {

/* Begin PBXBuildFile section */
		AE1436AD2013BE4700F9CA10 /* AppDelegate.swift in Sources */ = {isa = PBXBuildFile; fileRef = AE1436AC2013BE4700F9CA10 /* AppDelegate.swift */; };
		AE1436AF2013BE4700F9CA10 /* ViewController.swift in Sources */ = {isa = PBXBuildFile; fileRef = AE1436AE2013BE4700F9CA10 /* ViewController.swift */; };
		AE1436B22013BE4700F9CA10 /* Main.storyboard in Resources */ = {isa = PBXBuildFile; fileRef = AE1436B02013BE4700F9CA10 /* Main.storyboard */; };
		AE1436B42013BE4700F9CA10 /* Assets.xcassets in Resources */ = {isa = PBXBuildFile; fileRef = AE1436B32013BE4700F9CA10 /* Assets.xcassets */; };
		AE1436B72013BE4700F9CA10 /* LaunchScreen.storyboard in Resources */ = {isa = PBXBuildFile; fileRef = AE1436B52013BE4700F9CA10 /* LaunchScreen.storyboard */; };
		AE1436BC2013BE5800F9CA10 /* APIKit.framework in Frameworks */ = {isa = PBXBuildFile; fileRef = AEBA90431FF53BC9003EA2BA /* APIKit.framework */; };
		AE1436BD2013BE5800F9CA10 /* APIKit.framework in Embed Frameworks */ = {isa = PBXBuildFile; fileRef = AEBA90431FF53BC9003EA2BA /* APIKit.framework */; settings = {ATTRIBUTES = (CodeSignOnCopy, RemoveHeadersOnCopy, ); }; };
		AE1436BE2013BE5800F9CA10 /* CommonCrypto.framework in Frameworks */ = {isa = PBXBuildFile; fileRef = AEBA90421FF53BC9003EA2BA /* CommonCrypto.framework */; };
		AE1436BF2013BE5800F9CA10 /* CommonCrypto.framework in Embed Frameworks */ = {isa = PBXBuildFile; fileRef = AEBA90421FF53BC9003EA2BA /* CommonCrypto.framework */; settings = {ATTRIBUTES = (CodeSignOnCopy, RemoveHeadersOnCopy, ); }; };
		AE1436C02013BE5800F9CA10 /* Crypto.framework in Frameworks */ = {isa = PBXBuildFile; fileRef = AEBA90411FF53BC9003EA2BA /* Crypto.framework */; };
		AE1436C12013BE5800F9CA10 /* Crypto.framework in Embed Frameworks */ = {isa = PBXBuildFile; fileRef = AEBA90411FF53BC9003EA2BA /* Crypto.framework */; settings = {ATTRIBUTES = (CodeSignOnCopy, RemoveHeadersOnCopy, ); }; };
		AE1436C22013BE5800F9CA10 /* Result.framework in Frameworks */ = {isa = PBXBuildFile; fileRef = AEBA90441FF53BC9003EA2BA /* Result.framework */; };
		AE1436C32013BE5800F9CA10 /* Result.framework in Embed Frameworks */ = {isa = PBXBuildFile; fileRef = AEBA90441FF53BC9003EA2BA /* Result.framework */; settings = {ATTRIBUTES = (CodeSignOnCopy, RemoveHeadersOnCopy, ); }; };
		AE1436C52013BE5E00F9CA10 /* BittrexKit.framework in Frameworks */ = {isa = PBXBuildFile; fileRef = AEBA90361FF5399C003EA2BA /* BittrexKit.framework */; };
		AE1436C62013BE5E00F9CA10 /* BittrexKit.framework in Embed Frameworks */ = {isa = PBXBuildFile; fileRef = AEBA90361FF5399C003EA2BA /* BittrexKit.framework */; settings = {ATTRIBUTES = (CodeSignOnCopy, RemoveHeadersOnCopy, ); }; };
		AEBA903B1FF5399C003EA2BA /* swift_bittrex.h in Headers */ = {isa = PBXBuildFile; fileRef = AEBA90391FF5399C003EA2BA /* swift_bittrex.h */; settings = {ATTRIBUTES = (Public, ); }; };
		AEBA90451FF53BC9003EA2BA /* Crypto.framework in Frameworks */ = {isa = PBXBuildFile; fileRef = AEBA90411FF53BC9003EA2BA /* Crypto.framework */; };
		AEBA90461FF53BC9003EA2BA /* CommonCrypto.framework in Frameworks */ = {isa = PBXBuildFile; fileRef = AEBA90421FF53BC9003EA2BA /* CommonCrypto.framework */; };
		AEBA90471FF53BC9003EA2BA /* APIKit.framework in Frameworks */ = {isa = PBXBuildFile; fileRef = AEBA90431FF53BC9003EA2BA /* APIKit.framework */; };
		AEBA90481FF53BC9003EA2BA /* Result.framework in Frameworks */ = {isa = PBXBuildFile; fileRef = AEBA90441FF53BC9003EA2BA /* Result.framework */; };
		AEBA90731FF5C79B003EA2BA /* BittrexRequest.swift in Sources */ = {isa = PBXBuildFile; fileRef = AEBA90721FF5C79B003EA2BA /* BittrexRequest.swift */; };
		AEBA90771FF5CB88003EA2BA /* Auth.swift in Sources */ = {isa = PBXBuildFile; fileRef = AEBA90761FF5CB88003EA2BA /* Auth.swift */; };
		AEBA90791FF5CBD6003EA2BA /* Bittrex.swift in Sources */ = {isa = PBXBuildFile; fileRef = AEBA90781FF5CBD6003EA2BA /* Bittrex.swift */; };
		AEBA907B1FF5CFD3003EA2BA /* AccountService.swift in Sources */ = {isa = PBXBuildFile; fileRef = AEBA907A1FF5CFD3003EA2BA /* AccountService.swift */; };
		AEBA907D1FF5DF52003EA2BA /* HTTPRequest.swift in Sources */ = {isa = PBXBuildFile; fileRef = AEBA907C1FF5DF52003EA2BA /* HTTPRequest.swift */; };
		AEBA907F1FF5E387003EA2BA /* PublicService.swift in Sources */ = {isa = PBXBuildFile; fileRef = AEBA907E1FF5E387003EA2BA /* PublicService.swift */; };
		AEBA90821FF6295F003EA2BA /* Market.swift in Sources */ = {isa = PBXBuildFile; fileRef = AEBA90811FF6295F003EA2BA /* Market.swift */; };
		AEBA90841FF62CBD003EA2BA /* Currency.swift in Sources */ = {isa = PBXBuildFile; fileRef = AEBA90831FF62CBD003EA2BA /* Currency.swift */; };
		AEBA90861FF62CCB003EA2BA /* Tick.swift in Sources */ = {isa = PBXBuildFile; fileRef = AEBA90851FF62CCB003EA2BA /* Tick.swift */; };
		AEBA90881FF62CD8003EA2BA /* MarketSummary.swift in Sources */ = {isa = PBXBuildFile; fileRef = AEBA90871FF62CD8003EA2BA /* MarketSummary.swift */; };
		AEBA908A1FF62CE8003EA2BA /* OrderBook.swift in Sources */ = {isa = PBXBuildFile; fileRef = AEBA90891FF62CE8003EA2BA /* OrderBook.swift */; };
		AEBA908C1FF62CF4003EA2BA /* MarketHistory.swift in Sources */ = {isa = PBXBuildFile; fileRef = AEBA908B1FF62CF4003EA2BA /* MarketHistory.swift */; };
		AEBA908E1FF62D03003EA2BA /* OpenOrder.swift in Sources */ = {isa = PBXBuildFile; fileRef = AEBA908D1FF62D03003EA2BA /* OpenOrder.swift */; };
		AEBA90901FF62D14003EA2BA /* Balance.swift in Sources */ = {isa = PBXBuildFile; fileRef = AEBA908F1FF62D14003EA2BA /* Balance.swift */; };
		AEBA90921FF62D22003EA2BA /* Address.swift in Sources */ = {isa = PBXBuildFile; fileRef = AEBA90911FF62D22003EA2BA /* Address.swift */; };
		AEBA90971FF697A0003EA2BA /* MarketService.swift in Sources */ = {isa = PBXBuildFile; fileRef = AEBA90961FF697A0003EA2BA /* MarketService.swift */; };
/* End PBXBuildFile section */

/* Begin PBXContainerItemProxy section */
		AE1436C72013BE5E00F9CA10 /* PBXContainerItemProxy */ = {
			isa = PBXContainerItemProxy;
			containerPortal = AEBA902D1FF5399C003EA2BA /* Project object */;
			proxyType = 1;
			remoteGlobalIDString = AEBA90351FF5399C003EA2BA;
			remoteInfo = BittrexKit;
		};
/* End PBXContainerItemProxy section */

/* Begin PBXCopyFilesBuildPhase section */
		AE1436C42013BE5800F9CA10 /* Embed Frameworks */ = {
			isa = PBXCopyFilesBuildPhase;
			buildActionMask = 2147483647;
			dstPath = "";
			dstSubfolderSpec = 10;
			files = (
				AE1436C62013BE5E00F9CA10 /* BittrexKit.framework in Embed Frameworks */,
				AE1436C12013BE5800F9CA10 /* Crypto.framework in Embed Frameworks */,
				AE1436BF2013BE5800F9CA10 /* CommonCrypto.framework in Embed Frameworks */,
				AE1436BD2013BE5800F9CA10 /* APIKit.framework in Embed Frameworks */,
				AE1436C32013BE5800F9CA10 /* Result.framework in Embed Frameworks */,
			);
			name = "Embed Frameworks";
			runOnlyForDeploymentPostprocessing = 0;
		};
/* End PBXCopyFilesBuildPhase section */

/* Begin PBXFileReference section */
		AE1436AA2013BE4700F9CA10 /* TestProject.app */ = {isa = PBXFileReference; explicitFileType = wrapper.application; includeInIndex = 0; path = TestProject.app; sourceTree = BUILT_PRODUCTS_DIR; };
		AE1436AC2013BE4700F9CA10 /* AppDelegate.swift */ = {isa = PBXFileReference; lastKnownFileType = sourcecode.swift; path = AppDelegate.swift; sourceTree = "<group>"; };
		AE1436AE2013BE4700F9CA10 /* ViewController.swift */ = {isa = PBXFileReference; lastKnownFileType = sourcecode.swift; path = ViewController.swift; sourceTree = "<group>"; };
		AE1436B12013BE4700F9CA10 /* Base */ = {isa = PBXFileReference; lastKnownFileType = file.storyboard; name = Base; path = Base.lproj/Main.storyboard; sourceTree = "<group>"; };
		AE1436B32013BE4700F9CA10 /* Assets.xcassets */ = {isa = PBXFileReference; lastKnownFileType = folder.assetcatalog; path = Assets.xcassets; sourceTree = "<group>"; };
		AE1436B62013BE4700F9CA10 /* Base */ = {isa = PBXFileReference; lastKnownFileType = file.storyboard; name = Base; path = Base.lproj/LaunchScreen.storyboard; sourceTree = "<group>"; };
		AE1436B82013BE4700F9CA10 /* Info.plist */ = {isa = PBXFileReference; lastKnownFileType = text.plist.xml; path = Info.plist; sourceTree = "<group>"; };
		AEBA90361FF5399C003EA2BA /* BittrexKit.framework */ = {isa = PBXFileReference; explicitFileType = wrapper.framework; includeInIndex = 0; path = BittrexKit.framework; sourceTree = BUILT_PRODUCTS_DIR; };
		AEBA90391FF5399C003EA2BA /* swift_bittrex.h */ = {isa = PBXFileReference; lastKnownFileType = sourcecode.c.h; path = swift_bittrex.h; sourceTree = "<group>"; };
		AEBA903A1FF5399C003EA2BA /* Info.plist */ = {isa = PBXFileReference; lastKnownFileType = text.plist.xml; path = Info.plist; sourceTree = "<group>"; };
		AEBA90411FF53BC9003EA2BA /* Crypto.framework */ = {isa = PBXFileReference; lastKnownFileType = wrapper.framework; name = Crypto.framework; path = Carthage/Build/iOS/Crypto.framework; sourceTree = "<group>"; };
		AEBA90421FF53BC9003EA2BA /* CommonCrypto.framework */ = {isa = PBXFileReference; lastKnownFileType = wrapper.framework; name = CommonCrypto.framework; path = Carthage/Build/iOS/CommonCrypto.framework; sourceTree = "<group>"; };
		AEBA90431FF53BC9003EA2BA /* APIKit.framework */ = {isa = PBXFileReference; lastKnownFileType = wrapper.framework; name = APIKit.framework; path = Carthage/Build/iOS/APIKit.framework; sourceTree = "<group>"; };
		AEBA90441FF53BC9003EA2BA /* Result.framework */ = {isa = PBXFileReference; lastKnownFileType = wrapper.framework; name = Result.framework; path = Carthage/Build/iOS/Result.framework; sourceTree = "<group>"; };
		AEBA90721FF5C79B003EA2BA /* BittrexRequest.swift */ = {isa = PBXFileReference; lastKnownFileType = sourcecode.swift; path = BittrexRequest.swift; sourceTree = "<group>"; };
		AEBA90761FF5CB88003EA2BA /* Auth.swift */ = {isa = PBXFileReference; lastKnownFileType = sourcecode.swift; path = Auth.swift; sourceTree = "<group>"; };
		AEBA90781FF5CBD6003EA2BA /* Bittrex.swift */ = {isa = PBXFileReference; lastKnownFileType = sourcecode.swift; path = Bittrex.swift; sourceTree = "<group>"; };
		AEBA907A1FF5CFD3003EA2BA /* AccountService.swift */ = {isa = PBXFileReference; lastKnownFileType = sourcecode.swift; path = AccountService.swift; sourceTree = "<group>"; };
		AEBA907C1FF5DF52003EA2BA /* HTTPRequest.swift */ = {isa = PBXFileReference; lastKnownFileType = sourcecode.swift; path = HTTPRequest.swift; sourceTree = "<group>"; };
		AEBA907E1FF5E387003EA2BA /* PublicService.swift */ = {isa = PBXFileReference; lastKnownFileType = sourcecode.swift; path = PublicService.swift; sourceTree = "<group>"; };
		AEBA90811FF6295F003EA2BA /* Market.swift */ = {isa = PBXFileReference; lastKnownFileType = sourcecode.swift; path = Market.swift; sourceTree = "<group>"; };
		AEBA90831FF62CBD003EA2BA /* Currency.swift */ = {isa = PBXFileReference; lastKnownFileType = sourcecode.swift; path = Currency.swift; sourceTree = "<group>"; };
		AEBA90851FF62CCB003EA2BA /* Tick.swift */ = {isa = PBXFileReference; lastKnownFileType = sourcecode.swift; path = Tick.swift; sourceTree = "<group>"; };
		AEBA90871FF62CD8003EA2BA /* MarketSummary.swift */ = {isa = PBXFileReference; lastKnownFileType = sourcecode.swift; path = MarketSummary.swift; sourceTree = "<group>"; };
		AEBA90891FF62CE8003EA2BA /* OrderBook.swift */ = {isa = PBXFileReference; lastKnownFileType = sourcecode.swift; path = OrderBook.swift; sourceTree = "<group>"; };
		AEBA908B1FF62CF4003EA2BA /* MarketHistory.swift */ = {isa = PBXFileReference; lastKnownFileType = sourcecode.swift; path = MarketHistory.swift; sourceTree = "<group>"; };
		AEBA908D1FF62D03003EA2BA /* OpenOrder.swift */ = {isa = PBXFileReference; lastKnownFileType = sourcecode.swift; path = OpenOrder.swift; sourceTree = "<group>"; };
		AEBA908F1FF62D14003EA2BA /* Balance.swift */ = {isa = PBXFileReference; lastKnownFileType = sourcecode.swift; path = Balance.swift; sourceTree = "<group>"; };
		AEBA90911FF62D22003EA2BA /* Address.swift */ = {isa = PBXFileReference; lastKnownFileType = sourcecode.swift; path = Address.swift; sourceTree = "<group>"; };
		AEBA90961FF697A0003EA2BA /* MarketService.swift */ = {isa = PBXFileReference; lastKnownFileType = sourcecode.swift; path = MarketService.swift; sourceTree = "<group>"; };
/* End PBXFileReference section */

/* Begin PBXFrameworksBuildPhase section */
		AE1436A72013BE4700F9CA10 /* Frameworks */ = {
			isa = PBXFrameworksBuildPhase;
			buildActionMask = 2147483647;
			files = (
				AE1436C52013BE5E00F9CA10 /* BittrexKit.framework in Frameworks */,
				AE1436C02013BE5800F9CA10 /* Crypto.framework in Frameworks */,
				AE1436BE2013BE5800F9CA10 /* CommonCrypto.framework in Frameworks */,
				AE1436BC2013BE5800F9CA10 /* APIKit.framework in Frameworks */,
				AE1436C22013BE5800F9CA10 /* Result.framework in Frameworks */,
			);
			runOnlyForDeploymentPostprocessing = 0;
		};
		AEBA90321FF5399C003EA2BA /* Frameworks */ = {
			isa = PBXFrameworksBuildPhase;
			buildActionMask = 2147483647;
			files = (
				AEBA90471FF53BC9003EA2BA /* APIKit.framework in Frameworks */,
				AEBA90461FF53BC9003EA2BA /* CommonCrypto.framework in Frameworks */,
				AEBA90451FF53BC9003EA2BA /* Crypto.framework in Frameworks */,
				AEBA90481FF53BC9003EA2BA /* Result.framework in Frameworks */,
			);
			runOnlyForDeploymentPostprocessing = 0;
		};
/* End PBXFrameworksBuildPhase section */

/* Begin PBXGroup section */
		AE1436AB2013BE4700F9CA10 /* TestProject */ = {
			isa = PBXGroup;
			children = (
				AE1436AC2013BE4700F9CA10 /* AppDelegate.swift */,
				AE1436AE2013BE4700F9CA10 /* ViewController.swift */,
				AE1436B02013BE4700F9CA10 /* Main.storyboard */,
				AE1436B32013BE4700F9CA10 /* Assets.xcassets */,
				AE1436B52013BE4700F9CA10 /* LaunchScreen.storyboard */,
				AE1436B82013BE4700F9CA10 /* Info.plist */,
			);
			path = TestProject;
			sourceTree = "<group>";
		};
		AEBA902C1FF5399C003EA2BA = {
			isa = PBXGroup;
			children = (
				AEBA90431FF53BC9003EA2BA /* APIKit.framework */,
				AEBA90421FF53BC9003EA2BA /* CommonCrypto.framework */,
				AEBA90411FF53BC9003EA2BA /* Crypto.framework */,
				AEBA90441FF53BC9003EA2BA /* Result.framework */,
				AEBA90381FF5399C003EA2BA /* BittrexKit */,
				AE1436AB2013BE4700F9CA10 /* TestProject */,
				AEBA90371FF5399C003EA2BA /* Products */,
			);
			sourceTree = "<group>";
		};
		AEBA90371FF5399C003EA2BA /* Products */ = {
			isa = PBXGroup;
			children = (
				AEBA90361FF5399C003EA2BA /* BittrexKit.framework */,
				AE1436AA2013BE4700F9CA10 /* TestProject.app */,
			);
			name = Products;
			sourceTree = "<group>";
		};
		AEBA90381FF5399C003EA2BA /* BittrexKit */ = {
			isa = PBXGroup;
			children = (
				AEBA90781FF5CBD6003EA2BA /* Bittrex.swift */,
				AEBA90761FF5CB88003EA2BA /* Auth.swift */,
				AEBA90801FF5EF49003EA2BA /* Request */,
				AEBA90941FF62D3C003EA2BA /* Model */,
				AEBA90391FF5399C003EA2BA /* swift_bittrex.h */,
				AEBA903A1FF5399C003EA2BA /* Info.plist */,
			);
			path = BittrexKit;
			sourceTree = "<group>";
		};
		AEBA90801FF5EF49003EA2BA /* Request */ = {
			isa = PBXGroup;
			children = (
				AEBA90721FF5C79B003EA2BA /* BittrexRequest.swift */,
				AEBA907C1FF5DF52003EA2BA /* HTTPRequest.swift */,
				AEBA907E1FF5E387003EA2BA /* PublicService.swift */,
				AEBA907A1FF5CFD3003EA2BA /* AccountService.swift */,
				AEBA90961FF697A0003EA2BA /* MarketService.swift */,
			);
			path = Request;
			sourceTree = "<group>";
		};
		AEBA90941FF62D3C003EA2BA /* Model */ = {
			isa = PBXGroup;
			children = (
				AEBA90811FF6295F003EA2BA /* Market.swift */,
				AEBA90831FF62CBD003EA2BA /* Currency.swift */,
				AEBA90851FF62CCB003EA2BA /* Tick.swift */,
				AEBA90871FF62CD8003EA2BA /* MarketSummary.swift */,
				AEBA90891FF62CE8003EA2BA /* OrderBook.swift */,
				AEBA908B1FF62CF4003EA2BA /* MarketHistory.swift */,
				AEBA908D1FF62D03003EA2BA /* OpenOrder.swift */,
				AEBA908F1FF62D14003EA2BA /* Balance.swift */,
				AEBA90911FF62D22003EA2BA /* Address.swift */,
			);
			path = Model;
			sourceTree = "<group>";
		};
/* End PBXGroup section */

/* Begin PBXHeadersBuildPhase section */
		AEBA90331FF5399C003EA2BA /* Headers */ = {
			isa = PBXHeadersBuildPhase;
			buildActionMask = 2147483647;
			files = (
				AEBA903B1FF5399C003EA2BA /* swift_bittrex.h in Headers */,
			);
			runOnlyForDeploymentPostprocessing = 0;
		};
/* End PBXHeadersBuildPhase section */

/* Begin PBXNativeTarget section */
		AE1436A92013BE4700F9CA10 /* TestProject */ = {
			isa = PBXNativeTarget;
			buildConfigurationList = AE1436BB2013BE4700F9CA10 /* Build configuration list for PBXNativeTarget "TestProject" */;
			buildPhases = (
				AE1436A62013BE4700F9CA10 /* Sources */,
				AE1436A72013BE4700F9CA10 /* Frameworks */,
				AE1436A82013BE4700F9CA10 /* Resources */,
				AE1436C42013BE5800F9CA10 /* Embed Frameworks */,
			);
			buildRules = (
			);
			dependencies = (
				AE1436C82013BE5E00F9CA10 /* PBXTargetDependency */,
			);
			name = TestProject;
			productName = TestProject;
			productReference = AE1436AA2013BE4700F9CA10 /* TestProject.app */;
			productType = "com.apple.product-type.application";
		};
		AEBA90351FF5399C003EA2BA /* BittrexKit */ = {
			isa = PBXNativeTarget;
			buildConfigurationList = AEBA903E1FF5399C003EA2BA /* Build configuration list for PBXNativeTarget "BittrexKit" */;
			buildPhases = (
				AEBA90311FF5399C003EA2BA /* Sources */,
				AEBA90321FF5399C003EA2BA /* Frameworks */,
				AEBA90331FF5399C003EA2BA /* Headers */,
				AEBA90341FF5399C003EA2BA /* Resources */,
			);
			buildRules = (
			);
			dependencies = (
			);
			name = BittrexKit;
			productName = "swift-bittrex";
			productReference = AEBA90361FF5399C003EA2BA /* BittrexKit.framework */;
			productType = "com.apple.product-type.framework";
		};
/* End PBXNativeTarget section */

/* Begin PBXProject section */
		AEBA902D1FF5399C003EA2BA /* Project object */ = {
			isa = PBXProject;
			attributes = {
				LastSwiftUpdateCheck = 0920;
				LastUpgradeCheck = 0920;
				ORGANIZATIONNAME = yuzushioh;
				TargetAttributes = {
					AE1436A92013BE4700F9CA10 = {
						CreatedOnToolsVersion = 9.2;
						ProvisioningStyle = Automatic;
					};
					AEBA90351FF5399C003EA2BA = {
						CreatedOnToolsVersion = 9.2;
						LastSwiftMigration = 0920;
						ProvisioningStyle = Automatic;
					};
				};
			};
			buildConfigurationList = AEBA90301FF5399C003EA2BA /* Build configuration list for PBXProject "BittrexKit" */;
			compatibilityVersion = "Xcode 8.0";
			developmentRegion = en;
			hasScannedForEncodings = 0;
			knownRegions = (
				en,
				Base,
			);
			mainGroup = AEBA902C1FF5399C003EA2BA;
			productRefGroup = AEBA90371FF5399C003EA2BA /* Products */;
			projectDirPath = "";
			projectRoot = "";
			targets = (
				AEBA90351FF5399C003EA2BA /* BittrexKit */,
				AE1436A92013BE4700F9CA10 /* TestProject */,
			);
		};
/* End PBXProject section */

/* Begin PBXResourcesBuildPhase section */
		AE1436A82013BE4700F9CA10 /* Resources */ = {
			isa = PBXResourcesBuildPhase;
			buildActionMask = 2147483647;
			files = (
				AE1436B72013BE4700F9CA10 /* LaunchScreen.storyboard in Resources */,
				AE1436B42013BE4700F9CA10 /* Assets.xcassets in Resources */,
				AE1436B22013BE4700F9CA10 /* Main.storyboard in Resources */,
			);
			runOnlyForDeploymentPostprocessing = 0;
		};
		AEBA90341FF5399C003EA2BA /* Resources */ = {
			isa = PBXResourcesBuildPhase;
			buildActionMask = 2147483647;
			files = (
			);
			runOnlyForDeploymentPostprocessing = 0;
		};
/* End PBXResourcesBuildPhase section */

/* Begin PBXSourcesBuildPhase section */
		AE1436A62013BE4700F9CA10 /* Sources */ = {
			isa = PBXSourcesBuildPhase;
			buildActionMask = 2147483647;
			files = (
				AE1436AF2013BE4700F9CA10 /* ViewController.swift in Sources */,
				AE1436AD2013BE4700F9CA10 /* AppDelegate.swift in Sources */,
			);
			runOnlyForDeploymentPostprocessing = 0;
		};
		AEBA90311FF5399C003EA2BA /* Sources */ = {
			isa = PBXSourcesBuildPhase;
			buildActionMask = 2147483647;
			files = (
				AEBA908C1FF62CF4003EA2BA /* MarketHistory.swift in Sources */,
				AEBA90881FF62CD8003EA2BA /* MarketSummary.swift in Sources */,
				AEBA90731FF5C79B003EA2BA /* BittrexRequest.swift in Sources */,
				AEBA908A1FF62CE8003EA2BA /* OrderBook.swift in Sources */,
				AEBA90771FF5CB88003EA2BA /* Auth.swift in Sources */,
				AEBA908E1FF62D03003EA2BA /* OpenOrder.swift in Sources */,
				AEBA90821FF6295F003EA2BA /* Market.swift in Sources */,
				AEBA90791FF5CBD6003EA2BA /* Bittrex.swift in Sources */,
				AEBA90841FF62CBD003EA2BA /* Currency.swift in Sources */,
				AEBA90921FF62D22003EA2BA /* Address.swift in Sources */,
				AEBA907B1FF5CFD3003EA2BA /* AccountService.swift in Sources */,
				AEBA90971FF697A0003EA2BA /* MarketService.swift in Sources */,
				AEBA90861FF62CCB003EA2BA /* Tick.swift in Sources */,
				AEBA907F1FF5E387003EA2BA /* PublicService.swift in Sources */,
				AEBA90901FF62D14003EA2BA /* Balance.swift in Sources */,
				AEBA907D1FF5DF52003EA2BA /* HTTPRequest.swift in Sources */,
			);
			runOnlyForDeploymentPostprocessing = 0;
		};
/* End PBXSourcesBuildPhase section */

/* Begin PBXTargetDependency section */
		AE1436C82013BE5E00F9CA10 /* PBXTargetDependency */ = {
			isa = PBXTargetDependency;
			target = AEBA90351FF5399C003EA2BA /* BittrexKit */;
			targetProxy = AE1436C72013BE5E00F9CA10 /* PBXContainerItemProxy */;
		};
/* End PBXTargetDependency section */

/* Begin PBXVariantGroup section */
		AE1436B02013BE4700F9CA10 /* Main.storyboard */ = {
			isa = PBXVariantGroup;
			children = (
				AE1436B12013BE4700F9CA10 /* Base */,
			);
			name = Main.storyboard;
			sourceTree = "<group>";
		};
		AE1436B52013BE4700F9CA10 /* LaunchScreen.storyboard */ = {
			isa = PBXVariantGroup;
			children = (
				AE1436B62013BE4700F9CA10 /* Base */,
			);
			name = LaunchScreen.storyboard;
			sourceTree = "<group>";
		};
/* End PBXVariantGroup section */

/* Begin XCBuildConfiguration section */
		AE1436B92013BE4700F9CA10 /* Debug */ = {
			isa = XCBuildConfiguration;
			buildSettings = {
				ALWAYS_EMBED_SWIFT_STANDARD_LIBRARIES = YES;
				ASSETCATALOG_COMPILER_APPICON_NAME = AppIcon;
				CODE_SIGN_STYLE = Automatic;
				DEVELOPMENT_TEAM = LG8FQ3AXT3;
				FRAMEWORK_SEARCH_PATHS = (
					"$(inherited)",
					"$(PROJECT_DIR)/Carthage/Build/iOS",
				);
				INFOPLIST_FILE = TestProject/Info.plist;
				IPHONEOS_DEPLOYMENT_TARGET = 10.0;
				LD_RUNPATH_SEARCH_PATHS = "$(inherited) @executable_path/Frameworks";
				PRODUCT_BUNDLE_IDENTIFIER = yuzushioh.TestProject;
				PRODUCT_NAME = "$(TARGET_NAME)";
				SWIFT_VERSION = 4.0;
				TARGETED_DEVICE_FAMILY = "1,2";
			};
			name = Debug;
		};
		AE1436BA2013BE4700F9CA10 /* Release */ = {
			isa = XCBuildConfiguration;
			buildSettings = {
				ALWAYS_EMBED_SWIFT_STANDARD_LIBRARIES = YES;
				ASSETCATALOG_COMPILER_APPICON_NAME = AppIcon;
				CODE_SIGN_STYLE = Automatic;
				DEVELOPMENT_TEAM = LG8FQ3AXT3;
				FRAMEWORK_SEARCH_PATHS = (
					"$(inherited)",
					"$(PROJECT_DIR)/Carthage/Build/iOS",
				);
				INFOPLIST_FILE = TestProject/Info.plist;
				IPHONEOS_DEPLOYMENT_TARGET = 10.0;
				LD_RUNPATH_SEARCH_PATHS = "$(inherited) @executable_path/Frameworks";
				PRODUCT_BUNDLE_IDENTIFIER = yuzushioh.TestProject;
				PRODUCT_NAME = "$(TARGET_NAME)";
				SWIFT_VERSION = 4.0;
				TARGETED_DEVICE_FAMILY = "1,2";
			};
			name = Release;
		};
		AEBA903C1FF5399C003EA2BA /* Debug */ = {
			isa = XCBuildConfiguration;
			buildSettings = {
				ALWAYS_SEARCH_USER_PATHS = NO;
				CLANG_ANALYZER_NONNULL = YES;
				CLANG_ANALYZER_NUMBER_OBJECT_CONVERSION = YES_AGGRESSIVE;
				CLANG_CXX_LANGUAGE_STANDARD = "gnu++14";
				CLANG_CXX_LIBRARY = "libc++";
				CLANG_ENABLE_MODULES = YES;
				CLANG_ENABLE_OBJC_ARC = YES;
				CLANG_WARN_BLOCK_CAPTURE_AUTORELEASING = YES;
				CLANG_WARN_BOOL_CONVERSION = YES;
				CLANG_WARN_COMMA = YES;
				CLANG_WARN_CONSTANT_CONVERSION = YES;
				CLANG_WARN_DIRECT_OBJC_ISA_USAGE = YES_ERROR;
				CLANG_WARN_DOCUMENTATION_COMMENTS = YES;
				CLANG_WARN_EMPTY_BODY = YES;
				CLANG_WARN_ENUM_CONVERSION = YES;
				CLANG_WARN_INFINITE_RECURSION = YES;
				CLANG_WARN_INT_CONVERSION = YES;
				CLANG_WARN_NON_LITERAL_NULL_CONVERSION = YES;
				CLANG_WARN_OBJC_LITERAL_CONVERSION = YES;
				CLANG_WARN_OBJC_ROOT_CLASS = YES_ERROR;
				CLANG_WARN_RANGE_LOOP_ANALYSIS = YES;
				CLANG_WARN_STRICT_PROTOTYPES = YES;
				CLANG_WARN_SUSPICIOUS_MOVE = YES;
				CLANG_WARN_UNGUARDED_AVAILABILITY = YES_AGGRESSIVE;
				CLANG_WARN_UNREACHABLE_CODE = YES;
				CLANG_WARN__DUPLICATE_METHOD_MATCH = YES;
				CODE_SIGN_IDENTITY = "iPhone Developer";
				COPY_PHASE_STRIP = NO;
				CURRENT_PROJECT_VERSION = 1;
				DEBUG_INFORMATION_FORMAT = dwarf;
				ENABLE_STRICT_OBJC_MSGSEND = YES;
				ENABLE_TESTABILITY = YES;
				GCC_C_LANGUAGE_STANDARD = gnu11;
				GCC_DYNAMIC_NO_PIC = NO;
				GCC_NO_COMMON_BLOCKS = YES;
				GCC_OPTIMIZATION_LEVEL = 0;
				GCC_PREPROCESSOR_DEFINITIONS = (
					"DEBUG=1",
					"$(inherited)",
				);
				GCC_WARN_64_TO_32_BIT_CONVERSION = YES;
				GCC_WARN_ABOUT_RETURN_TYPE = YES_ERROR;
				GCC_WARN_UNDECLARED_SELECTOR = YES;
				GCC_WARN_UNINITIALIZED_AUTOS = YES_AGGRESSIVE;
				GCC_WARN_UNUSED_FUNCTION = YES;
				GCC_WARN_UNUSED_VARIABLE = YES;
				IPHONEOS_DEPLOYMENT_TARGET = 10.0;
				MTL_ENABLE_DEBUG_INFO = YES;
				ONLY_ACTIVE_ARCH = YES;
				SDKROOT = iphoneos;
				SWIFT_ACTIVE_COMPILATION_CONDITIONS = DEBUG;
				SWIFT_OPTIMIZATION_LEVEL = "-Onone";
				VERSIONING_SYSTEM = "apple-generic";
				VERSION_INFO_PREFIX = "";
			};
			name = Debug;
		};
		AEBA903D1FF5399C003EA2BA /* Release */ = {
			isa = XCBuildConfiguration;
			buildSettings = {
				ALWAYS_SEARCH_USER_PATHS = NO;
				CLANG_ANALYZER_NONNULL = YES;
				CLANG_ANALYZER_NUMBER_OBJECT_CONVERSION = YES_AGGRESSIVE;
				CLANG_CXX_LANGUAGE_STANDARD = "gnu++14";
				CLANG_CXX_LIBRARY = "libc++";
				CLANG_ENABLE_MODULES = YES;
				CLANG_ENABLE_OBJC_ARC = YES;
				CLANG_WARN_BLOCK_CAPTURE_AUTORELEASING = YES;
				CLANG_WARN_BOOL_CONVERSION = YES;
				CLANG_WARN_COMMA = YES;
				CLANG_WARN_CONSTANT_CONVERSION = YES;
				CLANG_WARN_DIRECT_OBJC_ISA_USAGE = YES_ERROR;
				CLANG_WARN_DOCUMENTATION_COMMENTS = YES;
				CLANG_WARN_EMPTY_BODY = YES;
				CLANG_WARN_ENUM_CONVERSION = YES;
				CLANG_WARN_INFINITE_RECURSION = YES;
				CLANG_WARN_INT_CONVERSION = YES;
				CLANG_WARN_NON_LITERAL_NULL_CONVERSION = YES;
				CLANG_WARN_OBJC_LITERAL_CONVERSION = YES;
				CLANG_WARN_OBJC_ROOT_CLASS = YES_ERROR;
				CLANG_WARN_RANGE_LOOP_ANALYSIS = YES;
				CLANG_WARN_STRICT_PROTOTYPES = YES;
				CLANG_WARN_SUSPICIOUS_MOVE = YES;
				CLANG_WARN_UNGUARDED_AVAILABILITY = YES_AGGRESSIVE;
				CLANG_WARN_UNREACHABLE_CODE = YES;
				CLANG_WARN__DUPLICATE_METHOD_MATCH = YES;
				CODE_SIGN_IDENTITY = "iPhone Developer";
				COPY_PHASE_STRIP = NO;
				CURRENT_PROJECT_VERSION = 1;
				DEBUG_INFORMATION_FORMAT = "dwarf-with-dsym";
				ENABLE_NS_ASSERTIONS = NO;
				ENABLE_STRICT_OBJC_MSGSEND = YES;
				GCC_C_LANGUAGE_STANDARD = gnu11;
				GCC_NO_COMMON_BLOCKS = YES;
				GCC_WARN_64_TO_32_BIT_CONVERSION = YES;
				GCC_WARN_ABOUT_RETURN_TYPE = YES_ERROR;
				GCC_WARN_UNDECLARED_SELECTOR = YES;
				GCC_WARN_UNINITIALIZED_AUTOS = YES_AGGRESSIVE;
				GCC_WARN_UNUSED_FUNCTION = YES;
				GCC_WARN_UNUSED_VARIABLE = YES;
				IPHONEOS_DEPLOYMENT_TARGET = 10.0;
				MTL_ENABLE_DEBUG_INFO = NO;
				SDKROOT = iphoneos;
				SWIFT_OPTIMIZATION_LEVEL = "-Owholemodule";
				VALIDATE_PRODUCT = YES;
				VERSIONING_SYSTEM = "apple-generic";
				VERSION_INFO_PREFIX = "";
			};
			name = Release;
		};
		AEBA903F1FF5399C003EA2BA /* Debug */ = {
			isa = XCBuildConfiguration;
			buildSettings = {
				CLANG_ENABLE_MODULES = YES;
				CODE_SIGN_IDENTITY = "";
				CODE_SIGN_STYLE = Automatic;
				DEFINES_MODULE = YES;
				DEVELOPMENT_TEAM = LG8FQ3AXT3;
				DYLIB_COMPATIBILITY_VERSION = 1;
				DYLIB_CURRENT_VERSION = 1;
				DYLIB_INSTALL_NAME_BASE = "@rpath";
				FRAMEWORK_SEARCH_PATHS = (
					"$(inherited)",
					"$(PROJECT_DIR)/Carthage/Build/iOS",
				);
				INFOPLIST_FILE = "$(SRCROOT)/BittrexKit/Info.plist";
				INSTALL_PATH = "$(LOCAL_LIBRARY_DIR)/Frameworks";
				IPHONEOS_DEPLOYMENT_TARGET = 10.0;
				LD_RUNPATH_SEARCH_PATHS = "$(inherited) @executable_path/Frameworks @loader_path/Frameworks";
				PRODUCT_BUNDLE_IDENTIFIER = "yuzushioh.swift-bittrex";
				PRODUCT_NAME = "$(TARGET_NAME:c99extidentifier)";
				SKIP_INSTALL = YES;
				SWIFT_OPTIMIZATION_LEVEL = "-Onone";
				SWIFT_VERSION = 4.0;
				TARGETED_DEVICE_FAMILY = "1,2";
			};
			name = Debug;
		};
		AEBA90401FF5399C003EA2BA /* Release */ = {
			isa = XCBuildConfiguration;
			buildSettings = {
				CLANG_ENABLE_MODULES = YES;
				CODE_SIGN_IDENTITY = "";
				CODE_SIGN_STYLE = Automatic;
				DEFINES_MODULE = YES;
				DEVELOPMENT_TEAM = LG8FQ3AXT3;
				DYLIB_COMPATIBILITY_VERSION = 1;
				DYLIB_CURRENT_VERSION = 1;
				DYLIB_INSTALL_NAME_BASE = "@rpath";
				FRAMEWORK_SEARCH_PATHS = (
					"$(inherited)",
					"$(PROJECT_DIR)/Carthage/Build/iOS",
				);
				INFOPLIST_FILE = "$(SRCROOT)/BittrexKit/Info.plist";
				INSTALL_PATH = "$(LOCAL_LIBRARY_DIR)/Frameworks";
				IPHONEOS_DEPLOYMENT_TARGET = 10.0;
				LD_RUNPATH_SEARCH_PATHS = "$(inherited) @executable_path/Frameworks @loader_path/Frameworks";
				PRODUCT_BUNDLE_IDENTIFIER = "yuzushioh.swift-bittrex";
				PRODUCT_NAME = "$(TARGET_NAME:c99extidentifier)";
				SKIP_INSTALL = YES;
				SWIFT_VERSION = 4.0;
				TARGETED_DEVICE_FAMILY = "1,2";
			};
			name = Release;
		};
/* End XCBuildConfiguration section */

/* Begin XCConfigurationList section */
		AE1436BB2013BE4700F9CA10 /* Build configuration list for PBXNativeTarget "TestProject" */ = {
			isa = XCConfigurationList;
			buildConfigurations = (
				AE1436B92013BE4700F9CA10 /* Debug */,
				AE1436BA2013BE4700F9CA10 /* Release */,
			);
			defaultConfigurationIsVisible = 0;
			defaultConfigurationName = Release;
		};
		AEBA90301FF5399C003EA2BA /* Build configuration list for PBXProject "BittrexKit" */ = {
			isa = XCConfigurationList;
			buildConfigurations = (
				AEBA903C1FF5399C003EA2BA /* Debug */,
				AEBA903D1FF5399C003EA2BA /* Release */,
			);
			defaultConfigurationIsVisible = 0;
			defaultConfigurationName = Release;
		};
		AEBA903E1FF5399C003EA2BA /* Build configuration list for PBXNativeTarget "BittrexKit" */ = {
			isa = XCConfigurationList;
			buildConfigurations = (
				AEBA903F1FF5399C003EA2BA /* Debug */,
				AEBA90401FF5399C003EA2BA /* Release */,
			);
			defaultConfigurationIsVisible = 0;
			defaultConfigurationName = Release;
		};
/* End XCConfigurationList section */
	};
	rootObject = AEBA902D1FF5399C003EA2BA /* Project object */;
}
