// !$*UTF8*$!
{
	archiveVersion = 1;
	classes = {
	};
	objectVersion = 48;
	objects = {

/* Begin PBXBuildFile section */
		AEBA90A51FF6A98E003EA2BA /* AppDelegate.swift in Sources */ = {isa = PBXBuildFile; fileRef = AEBA90A41FF6A98E003EA2BA /* AppDelegate.swift */; };
		AEBA90A71FF6A98E003EA2BA /* ViewController.swift in Sources */ = {isa = PBXBuildFile; fileRef = AEBA90A61FF6A98E003EA2BA /* ViewController.swift */; };
		AEBA90AA1FF6A98E003EA2BA /* Main.storyboard in Resources */ = {isa = PBXBuildFile; fileRef = AEBA90A81FF6A98E003EA2BA /* Main.storyboard */; };
		AEBA90AC1FF6A98E003EA2BA /* Assets.xcassets in Resources */ = {isa = PBXBuildFile; fileRef = AEBA90AB1FF6A98E003EA2BA /* Assets.xcassets */; };
		AEBA90AF1FF6A98E003EA2BA /* LaunchScreen.storyboard in Resources */ = {isa = PBXBuildFile; fileRef = AEBA90AD1FF6A98E003EA2BA /* LaunchScreen.storyboard */; };
		AEBA90C01FF6AD86003EA2BA /* APIKit.framework in Frameworks */ = {isa = PBXBuildFile; fileRef = AEBA90B71FF6AD02003EA2BA /* APIKit.framework */; };
		AEBA90C11FF6AD86003EA2BA /* APIKit.framework in Embed Frameworks */ = {isa = PBXBuildFile; fileRef = AEBA90B71FF6AD02003EA2BA /* APIKit.framework */; settings = {ATTRIBUTES = (CodeSignOnCopy, RemoveHeadersOnCopy, ); }; };
		AEBA90C21FF6AD86003EA2BA /* BittrexKit.framework in Frameworks */ = {isa = PBXBuildFile; fileRef = AEBA90B81FF6AD02003EA2BA /* BittrexKit.framework */; };
		AEBA90C31FF6AD86003EA2BA /* BittrexKit.framework in Embed Frameworks */ = {isa = PBXBuildFile; fileRef = AEBA90B81FF6AD02003EA2BA /* BittrexKit.framework */; settings = {ATTRIBUTES = (CodeSignOnCopy, RemoveHeadersOnCopy, ); }; };
		AEBA90C41FF6AD86003EA2BA /* CommonCrypto.framework in Frameworks */ = {isa = PBXBuildFile; fileRef = AEBA90B91FF6AD02003EA2BA /* CommonCrypto.framework */; };
		AEBA90C51FF6AD86003EA2BA /* CommonCrypto.framework in Embed Frameworks */ = {isa = PBXBuildFile; fileRef = AEBA90B91FF6AD02003EA2BA /* CommonCrypto.framework */; settings = {ATTRIBUTES = (CodeSignOnCopy, RemoveHeadersOnCopy, ); }; };
		AEBA90C61FF6AD86003EA2BA /* Crypto.framework in Frameworks */ = {isa = PBXBuildFile; fileRef = AEBA90BA1FF6AD02003EA2BA /* Crypto.framework */; };
		AEBA90C71FF6AD86003EA2BA /* Crypto.framework in Embed Frameworks */ = {isa = PBXBuildFile; fileRef = AEBA90BA1FF6AD02003EA2BA /* Crypto.framework */; settings = {ATTRIBUTES = (CodeSignOnCopy, RemoveHeadersOnCopy, ); }; };
		AEBA90C81FF6AD86003EA2BA /* Result.framework in Frameworks */ = {isa = PBXBuildFile; fileRef = AEBA90B61FF6AD02003EA2BA /* Result.framework */; };
		AEBA90C91FF6AD86003EA2BA /* Result.framework in Embed Frameworks */ = {isa = PBXBuildFile; fileRef = AEBA90B61FF6AD02003EA2BA /* Result.framework */; settings = {ATTRIBUTES = (CodeSignOnCopy, RemoveHeadersOnCopy, ); }; };
/* End PBXBuildFile section */

/* Begin PBXCopyFilesBuildPhase section */
		AEBA90CA1FF6AD86003EA2BA /* Embed Frameworks */ = {
			isa = PBXCopyFilesBuildPhase;
			buildActionMask = 2147483647;
			dstPath = "";
			dstSubfolderSpec = 10;
			files = (
				AEBA90C31FF6AD86003EA2BA /* BittrexKit.framework in Embed Frameworks */,
				AEBA90C71FF6AD86003EA2BA /* Crypto.framework in Embed Frameworks */,
				AEBA90C91FF6AD86003EA2BA /* Result.framework in Embed Frameworks */,
				AEBA90C51FF6AD86003EA2BA /* CommonCrypto.framework in Embed Frameworks */,
				AEBA90C11FF6AD86003EA2BA /* APIKit.framework in Embed Frameworks */,
			);
			name = "Embed Frameworks";
			runOnlyForDeploymentPostprocessing = 0;
		};
/* End PBXCopyFilesBuildPhase section */

/* Begin PBXFileReference section */
		AEBA90A11FF6A98E003EA2BA /* Example.app */ = {isa = PBXFileReference; explicitFileType = wrapper.application; includeInIndex = 0; path = Example.app; sourceTree = BUILT_PRODUCTS_DIR; };
		AEBA90A41FF6A98E003EA2BA /* AppDelegate.swift */ = {isa = PBXFileReference; lastKnownFileType = sourcecode.swift; path = AppDelegate.swift; sourceTree = "<group>"; };
		AEBA90A61FF6A98E003EA2BA /* ViewController.swift */ = {isa = PBXFileReference; lastKnownFileType = sourcecode.swift; path = ViewController.swift; sourceTree = "<group>"; };
		AEBA90A91FF6A98E003EA2BA /* Base */ = {isa = PBXFileReference; lastKnownFileType = file.storyboard; name = Base; path = Base.lproj/Main.storyboard; sourceTree = "<group>"; };
		AEBA90AB1FF6A98E003EA2BA /* Assets.xcassets */ = {isa = PBXFileReference; lastKnownFileType = folder.assetcatalog; path = Assets.xcassets; sourceTree = "<group>"; };
		AEBA90AE1FF6A98E003EA2BA /* Base */ = {isa = PBXFileReference; lastKnownFileType = file.storyboard; name = Base; path = Base.lproj/LaunchScreen.storyboard; sourceTree = "<group>"; };
		AEBA90B01FF6A98E003EA2BA /* Info.plist */ = {isa = PBXFileReference; lastKnownFileType = text.plist.xml; path = Info.plist; sourceTree = "<group>"; };
		AEBA90B61FF6AD02003EA2BA /* Result.framework */ = {isa = PBXFileReference; lastKnownFileType = wrapper.framework; name = Result.framework; path = Carthage/Build/iOS/Result.framework; sourceTree = "<group>"; };
		AEBA90B71FF6AD02003EA2BA /* APIKit.framework */ = {isa = PBXFileReference; lastKnownFileType = wrapper.framework; name = APIKit.framework; path = Carthage/Build/iOS/APIKit.framework; sourceTree = "<group>"; };
		AEBA90B81FF6AD02003EA2BA /* BittrexKit.framework */ = {isa = PBXFileReference; lastKnownFileType = wrapper.framework; name = BittrexKit.framework; path = Carthage/Build/iOS/BittrexKit.framework; sourceTree = "<group>"; };
		AEBA90B91FF6AD02003EA2BA /* CommonCrypto.framework */ = {isa = PBXFileReference; lastKnownFileType = wrapper.framework; name = CommonCrypto.framework; path = Carthage/Build/iOS/CommonCrypto.framework; sourceTree = "<group>"; };
		AEBA90BA1FF6AD02003EA2BA /* Crypto.framework */ = {isa = PBXFileReference; lastKnownFileType = wrapper.framework; name = Crypto.framework; path = Carthage/Build/iOS/Crypto.framework; sourceTree = "<group>"; };
/* End PBXFileReference section */

/* Begin PBXFrameworksBuildPhase section */
		AEBA909E1FF6A98E003EA2BA /* Frameworks */ = {
			isa = PBXFrameworksBuildPhase;
			buildActionMask = 2147483647;
			files = (
				AEBA90C21FF6AD86003EA2BA /* BittrexKit.framework in Frameworks */,
				AEBA90C61FF6AD86003EA2BA /* Crypto.framework in Frameworks */,
				AEBA90C81FF6AD86003EA2BA /* Result.framework in Frameworks */,
				AEBA90C41FF6AD86003EA2BA /* CommonCrypto.framework in Frameworks */,
				AEBA90C01FF6AD86003EA2BA /* APIKit.framework in Frameworks */,
			);
			runOnlyForDeploymentPostprocessing = 0;
		};
/* End PBXFrameworksBuildPhase section */

/* Begin PBXGroup section */
		AEBA90981FF6A98E003EA2BA = {
			isa = PBXGroup;
			children = (
				AEBA90B71FF6AD02003EA2BA /* APIKit.framework */,
				AEBA90B81FF6AD02003EA2BA /* BittrexKit.framework */,
				AEBA90B91FF6AD02003EA2BA /* CommonCrypto.framework */,
				AEBA90BA1FF6AD02003EA2BA /* Crypto.framework */,
				AEBA90B61FF6AD02003EA2BA /* Result.framework */,
				AEBA90A31FF6A98E003EA2BA /* Example */,
				AEBA90A21FF6A98E003EA2BA /* Products */,
			);
			sourceTree = "<group>";
		};
		AEBA90A21FF6A98E003EA2BA /* Products */ = {
			isa = PBXGroup;
			children = (
				AEBA90A11FF6A98E003EA2BA /* Example.app */,
			);
			name = Products;
			sourceTree = "<group>";
		};
		AEBA90A31FF6A98E003EA2BA /* Example */ = {
			isa = PBXGroup;
			children = (
				AEBA90A41FF6A98E003EA2BA /* AppDelegate.swift */,
				AEBA90A61FF6A98E003EA2BA /* ViewController.swift */,
				AEBA90A81FF6A98E003EA2BA /* Main.storyboard */,
				AEBA90AB1FF6A98E003EA2BA /* Assets.xcassets */,
				AEBA90AD1FF6A98E003EA2BA /* LaunchScreen.storyboard */,
				AEBA90B01FF6A98E003EA2BA /* Info.plist */,
			);
			path = Example;
			sourceTree = "<group>";
		};
/* End PBXGroup section */

/* Begin PBXNativeTarget section */
		AEBA90A01FF6A98E003EA2BA /* Example */ = {
			isa = PBXNativeTarget;
			buildConfigurationList = AEBA90B31FF6A98E003EA2BA /* Build configuration list for PBXNativeTarget "Example" */;
			buildPhases = (
				AEBA909D1FF6A98E003EA2BA /* Sources */,
				AEBA909E1FF6A98E003EA2BA /* Frameworks */,
				AEBA909F1FF6A98E003EA2BA /* Resources */,
				AEBA90CA1FF6AD86003EA2BA /* Embed Frameworks */,
			);
			buildRules = (
			);
			dependencies = (
			);
			name = Example;
			productName = Example;
			productReference = AEBA90A11FF6A98E003EA2BA /* Example.app */;
			productType = "com.apple.product-type.application";
		};
/* End PBXNativeTarget section */

/* Begin PBXProject section */
		AEBA90991FF6A98E003EA2BA /* Project object */ = {
			isa = PBXProject;
			attributes = {
				LastSwiftUpdateCheck = 0920;
				LastUpgradeCheck = 0920;
				ORGANIZATIONNAME = yuzushioh;
				TargetAttributes = {
					AEBA90A01FF6A98E003EA2BA = {
						CreatedOnToolsVersion = 9.2;
						ProvisioningStyle = Automatic;
					};
				};
			};
			buildConfigurationList = AEBA909C1FF6A98E003EA2BA /* Build configuration list for PBXProject "Example" */;
			compatibilityVersion = "Xcode 8.0";
			developmentRegion = en;
			hasScannedForEncodings = 0;
			knownRegions = (
				en,
				Base,
			);
			mainGroup = AEBA90981FF6A98E003EA2BA;
			productRefGroup = AEBA90A21FF6A98E003EA2BA /* Products */;
			projectDirPath = "";
			projectRoot = "";
			targets = (
				AEBA90A01FF6A98E003EA2BA /* Example */,
			);
		};
/* End PBXProject section */

/* Begin PBXResourcesBuildPhase section */
		AEBA909F1FF6A98E003EA2BA /* Resources */ = {
			isa = PBXResourcesBuildPhase;
			buildActionMask = 2147483647;
			files = (
				AEBA90AF1FF6A98E003EA2BA /* LaunchScreen.storyboard in Resources */,
				AEBA90AC1FF6A98E003EA2BA /* Assets.xcassets in Resources */,
				AEBA90AA1FF6A98E003EA2BA /* Main.storyboard in Resources */,
			);
			runOnlyForDeploymentPostprocessing = 0;
		};
/* End PBXResourcesBuildPhase section */

/* Begin PBXSourcesBuildPhase section */
		AEBA909D1FF6A98E003EA2BA /* Sources */ = {
			isa = PBXSourcesBuildPhase;
			buildActionMask = 2147483647;
			files = (
				AEBA90A71FF6A98E003EA2BA /* ViewController.swift in Sources */,
				AEBA90A51FF6A98E003EA2BA /* AppDelegate.swift in Sources */,
			);
			runOnlyForDeploymentPostprocessing = 0;
		};
/* End PBXSourcesBuildPhase section */

/* Begin PBXVariantGroup section */
		AEBA90A81FF6A98E003EA2BA /* Main.storyboard */ = {
			isa = PBXVariantGroup;
			children = (
				AEBA90A91FF6A98E003EA2BA /* Base */,
			);
			name = Main.storyboard;
			sourceTree = "<group>";
		};
		AEBA90AD1FF6A98E003EA2BA /* LaunchScreen.storyboard */ = {
			isa = PBXVariantGroup;
			children = (
				AEBA90AE1FF6A98E003EA2BA /* Base */,
			);
			name = LaunchScreen.storyboard;
			sourceTree = "<group>";
		};
/* End PBXVariantGroup section */

/* Begin XCBuildConfiguration section */
		AEBA90B11FF6A98E003EA2BA /* Debug */ = {
			isa = XCBuildConfiguration;
			buildSettings = {
				ALWAYS_SEARCH_USER_PATHS = NO;
				CLANG_ANALYZER_NONNULL = YES;
				CLANG_ANALYZER_NUMBER_OBJECT_CONVERSION = YES_AGGRESSIVE;
				CLANG_CXX_LANGUAGE_STANDARD = "gnu++14";
				CLANG_CXX_LIBRARY = "libc++";
				CLANG_ENABLE_MODULES = YES;
				CLANG_ENABLE_OBJC_ARC = YES;
				CLANG_WARN_BLOCK_CAPTURE_AUTORELEASING = YES;
				CLANG_WARN_BOOL_CONVERSION = YES;
				CLANG_WARN_COMMA = YES;
				CLANG_WARN_CONSTANT_CONVERSION = YES;
				CLANG_WARN_DIRECT_OBJC_ISA_USAGE = YES_ERROR;
				CLANG_WARN_DOCUMENTATION_COMMENTS = YES;
				CLANG_WARN_EMPTY_BODY = YES;
				CLANG_WARN_ENUM_CONVERSION = YES;
				CLANG_WARN_INFINITE_RECURSION = YES;
				CLANG_WARN_INT_CONVERSION = YES;
				CLANG_WARN_NON_LITERAL_NULL_CONVERSION = YES;
				CLANG_WARN_OBJC_LITERAL_CONVERSION = YES;
				CLANG_WARN_OBJC_ROOT_CLASS = YES_ERROR;
				CLANG_WARN_RANGE_LOOP_ANALYSIS = YES;
				CLANG_WARN_STRICT_PROTOTYPES = YES;
				CLANG_WARN_SUSPICIOUS_MOVE = YES;
				CLANG_WARN_UNGUARDED_AVAILABILITY = YES_AGGRESSIVE;
				CLANG_WARN_UNREACHABLE_CODE = YES;
				CLANG_WARN__DUPLICATE_METHOD_MATCH = YES;
				CODE_SIGN_IDENTITY = "iPhone Developer";
				COPY_PHASE_STRIP = NO;
				DEBUG_INFORMATION_FORMAT = dwarf;
				ENABLE_STRICT_OBJC_MSGSEND = YES;
				ENABLE_TESTABILITY = YES;
				GCC_C_LANGUAGE_STANDARD = gnu11;
				GCC_DYNAMIC_NO_PIC = NO;
				GCC_NO_COMMON_BLOCKS = YES;
				GCC_OPTIMIZATION_LEVEL = 0;
				GCC_PREPROCESSOR_DEFINITIONS = (
					"DEBUG=1",
					"$(inherited)",
				);
				GCC_WARN_64_TO_32_BIT_CONVERSION = YES;
				GCC_WARN_ABOUT_RETURN_TYPE = YES_ERROR;
				GCC_WARN_UNDECLARED_SELECTOR = YES;
				GCC_WARN_UNINITIALIZED_AUTOS = YES_AGGRESSIVE;
				GCC_WARN_UNUSED_FUNCTION = YES;
				GCC_WARN_UNUSED_VARIABLE = YES;
				IPHONEOS_DEPLOYMENT_TARGET = 10.0;
				MTL_ENABLE_DEBUG_INFO = YES;
				ONLY_ACTIVE_ARCH = YES;
				SDKROOT = iphoneos;
				SWIFT_ACTIVE_COMPILATION_CONDITIONS = DEBUG;
				SWIFT_OPTIMIZATION_LEVEL = "-Onone";
			};
			name = Debug;
		};
		AEBA90B21FF6A98E003EA2BA /* Release */ = {
			isa = XCBuildConfiguration;
			buildSettings = {
				ALWAYS_SEARCH_USER_PATHS = NO;
				CLANG_ANALYZER_NONNULL = YES;
				CLANG_ANALYZER_NUMBER_OBJECT_CONVERSION = YES_AGGRESSIVE;
				CLANG_CXX_LANGUAGE_STANDARD = "gnu++14";
				CLANG_CXX_LIBRARY = "libc++";
				CLANG_ENABLE_MODULES = YES;
				CLANG_ENABLE_OBJC_ARC = YES;
				CLANG_WARN_BLOCK_CAPTURE_AUTORELEASING = YES;
				CLANG_WARN_BOOL_CONVERSION = YES;
				CLANG_WARN_COMMA = YES;
				CLANG_WARN_CONSTANT_CONVERSION = YES;
				CLANG_WARN_DIRECT_OBJC_ISA_USAGE = YES_ERROR;
				CLANG_WARN_DOCUMENTATION_COMMENTS = YES;
				CLANG_WARN_EMPTY_BODY = YES;
				CLANG_WARN_ENUM_CONVERSION = YES;
				CLANG_WARN_INFINITE_RECURSION = YES;
				CLANG_WARN_INT_CONVERSION = YES;
				CLANG_WARN_NON_LITERAL_NULL_CONVERSION = YES;
				CLANG_WARN_OBJC_LITERAL_CONVERSION = YES;
				CLANG_WARN_OBJC_ROOT_CLASS = YES_ERROR;
				CLANG_WARN_RANGE_LOOP_ANALYSIS = YES;
				CLANG_WARN_STRICT_PROTOTYPES = YES;
				CLANG_WARN_SUSPICIOUS_MOVE = YES;
				CLANG_WARN_UNGUARDED_AVAILABILITY = YES_AGGRESSIVE;
				CLANG_WARN_UNREACHABLE_CODE = YES;
				CLANG_WARN__DUPLICATE_METHOD_MATCH = YES;
				CODE_SIGN_IDENTITY = "iPhone Developer";
				COPY_PHASE_STRIP = NO;
				DEBUG_INFORMATION_FORMAT = "dwarf-with-dsym";
				ENABLE_NS_ASSERTIONS = NO;
				ENABLE_STRICT_OBJC_MSGSEND = YES;
				GCC_C_LANGUAGE_STANDARD = gnu11;
				GCC_NO_COMMON_BLOCKS = YES;
				GCC_WARN_64_TO_32_BIT_CONVERSION = YES;
				GCC_WARN_ABOUT_RETURN_TYPE = YES_ERROR;
				GCC_WARN_UNDECLARED_SELECTOR = YES;
				GCC_WARN_UNINITIALIZED_AUTOS = YES_AGGRESSIVE;
				GCC_WARN_UNUSED_FUNCTION = YES;
				GCC_WARN_UNUSED_VARIABLE = YES;
				IPHONEOS_DEPLOYMENT_TARGET = 10.0;
				MTL_ENABLE_DEBUG_INFO = NO;
				SDKROOT = iphoneos;
				SWIFT_OPTIMIZATION_LEVEL = "-Owholemodule";
				VALIDATE_PRODUCT = YES;
			};
			name = Release;
		};
		AEBA90B41FF6A98E003EA2BA /* Debug */ = {
			isa = XCBuildConfiguration;
			buildSettings = {
				ASSETCATALOG_COMPILER_APPICON_NAME = AppIcon;
				CODE_SIGN_STYLE = Automatic;
				DEVELOPMENT_TEAM = LG8FQ3AXT3;
				FRAMEWORK_SEARCH_PATHS = (
					"$(inherited)",
					"$(PROJECT_DIR)/Carthage/Build/iOS",
				);
				INFOPLIST_FILE = Example/Info.plist;
				LD_RUNPATH_SEARCH_PATHS = "$(inherited) @executable_path/Frameworks";
				PRODUCT_BUNDLE_IDENTIFIER = yuzushioh.Example;
				PRODUCT_NAME = "$(TARGET_NAME)";
				SWIFT_VERSION = 4.0;
				TARGETED_DEVICE_FAMILY = "1,2";
			};
			name = Debug;
		};
		AEBA90B51FF6A98E003EA2BA /* Release */ = {
			isa = XCBuildConfiguration;
			buildSettings = {
				ASSETCATALOG_COMPILER_APPICON_NAME = AppIcon;
				CODE_SIGN_STYLE = Automatic;
				DEVELOPMENT_TEAM = LG8FQ3AXT3;
				FRAMEWORK_SEARCH_PATHS = (
					"$(inherited)",
					"$(PROJECT_DIR)/Carthage/Build/iOS",
				);
				INFOPLIST_FILE = Example/Info.plist;
				LD_RUNPATH_SEARCH_PATHS = "$(inherited) @executable_path/Frameworks";
				PRODUCT_BUNDLE_IDENTIFIER = yuzushioh.Example;
				PRODUCT_NAME = "$(TARGET_NAME)";
				SWIFT_VERSION = 4.0;
				TARGETED_DEVICE_FAMILY = "1,2";
			};
			name = Release;
		};
/* End XCBuildConfiguration section */

/* Begin XCConfigurationList section */
		AEBA909C1FF6A98E003EA2BA /* Build configuration list for PBXProject "Example" */ = {
			isa = XCConfigurationList;
			buildConfigurations = (
				AEBA90B11FF6A98E003EA2BA /* Debug */,
				AEBA90B21FF6A98E003EA2BA /* Release */,
			);
			defaultConfigurationIsVisible = 0;
			defaultConfigurationName = Release;
		};
		AEBA90B31FF6A98E003EA2BA /* Build configuration list for PBXNativeTarget "Example" */ = {
			isa = XCConfigurationList;
			buildConfigurations = (
				AEBA90B41FF6A98E003EA2BA /* Debug */,
				AEBA90B51FF6A98E003EA2BA /* Release */,
			);
			defaultConfigurationIsVisible = 0;
			defaultConfigurationName = Release;
		};
/* End XCConfigurationList section */
	};
	rootObject = AEBA90991FF6A98E003EA2BA /* Project object */;
}
